// !$*UTF8*$!
{
	archiveVersion = 1;
	classes = {
	};
	objectVersion = 52;
	objects = {

/* Begin PBXBuildFile section */
		10BD487526BEC562006EE3E7 /* Tests_iOS.swift in Sources */ = {isa = PBXBuildFile; fileRef = 10BD487426BEC562006EE3E7 /* Tests_iOS.swift */; };
		10BD488026BEC562006EE3E7 /* Tests_macOS.swift in Sources */ = {isa = PBXBuildFile; fileRef = 10BD487F26BEC562006EE3E7 /* Tests_macOS.swift */; };
		10BD488226BEC562006EE3E7 /* mainApp.swift in Sources */ = {isa = PBXBuildFile; fileRef = 10BD485926BEC560006EE3E7 /* mainApp.swift */; };
		10BD488326BEC562006EE3E7 /* mainApp.swift in Sources */ = {isa = PBXBuildFile; fileRef = 10BD485926BEC560006EE3E7 /* mainApp.swift */; };
		10BD488426BEC562006EE3E7 /* ContentView.swift in Sources */ = {isa = PBXBuildFile; fileRef = 10BD485A26BEC560006EE3E7 /* ContentView.swift */; };
		10BD488526BEC562006EE3E7 /* ContentView.swift in Sources */ = {isa = PBXBuildFile; fileRef = 10BD485A26BEC560006EE3E7 /* ContentView.swift */; };
		10BD488626BEC562006EE3E7 /* Assets.xcassets in Resources */ = {isa = PBXBuildFile; fileRef = 10BD485B26BEC562006EE3E7 /* Assets.xcassets */; };
		10BD488726BEC562006EE3E7 /* Assets.xcassets in Resources */ = {isa = PBXBuildFile; fileRef = 10BD485B26BEC562006EE3E7 /* Assets.xcassets */; };
		10BD48A126BED9C1006EE3E7 /* Punycode in Frameworks */ = {isa = PBXBuildFile; productRef = 10BD48A026BED9C1006EE3E7 /* Punycode */; };
/* End PBXBuildFile section */

/* Begin PBXContainerItemProxy section */
		10BD487126BEC562006EE3E7 /* PBXContainerItemProxy */ = {
			isa = PBXContainerItemProxy;
			containerPortal = 10BD485426BEC560006EE3E7 /* Project object */;
			proxyType = 1;
			remoteGlobalIDString = 10BD485F26BEC562006EE3E7;
			remoteInfo = "IkaLanguage (iOS)";
		};
		10BD487C26BEC562006EE3E7 /* PBXContainerItemProxy */ = {
			isa = PBXContainerItemProxy;
			containerPortal = 10BD485426BEC560006EE3E7 /* Project object */;
			proxyType = 1;
			remoteGlobalIDString = 10BD486726BEC562006EE3E7;
			remoteInfo = "IkaLanguage (macOS)";
		};
/* End PBXContainerItemProxy section */

/* Begin PBXFileReference section */
		10BD485926BEC560006EE3E7 /* mainApp.swift */ = {isa = PBXFileReference; lastKnownFileType = sourcecode.swift; path = mainApp.swift; sourceTree = "<group>"; };
		10BD485A26BEC560006EE3E7 /* ContentView.swift */ = {isa = PBXFileReference; lastKnownFileType = sourcecode.swift; path = ContentView.swift; sourceTree = "<group>"; };
		10BD485B26BEC562006EE3E7 /* Assets.xcassets */ = {isa = PBXFileReference; lastKnownFileType = folder.assetcatalog; path = Assets.xcassets; sourceTree = "<group>"; };
		10BD486026BEC562006EE3E7 /* IkaLanguage.app */ = {isa = PBXFileReference; explicitFileType = wrapper.application; includeInIndex = 0; path = IkaLanguage.app; sourceTree = BUILT_PRODUCTS_DIR; };
		10BD486326BEC562006EE3E7 /* Info.plist */ = {isa = PBXFileReference; lastKnownFileType = text.plist.xml; path = Info.plist; sourceTree = "<group>"; };
		10BD486826BEC562006EE3E7 /* IkaLanguage.app */ = {isa = PBXFileReference; explicitFileType = wrapper.application; includeInIndex = 0; path = IkaLanguage.app; sourceTree = BUILT_PRODUCTS_DIR; };
		10BD486A26BEC562006EE3E7 /* Info.plist */ = {isa = PBXFileReference; lastKnownFileType = text.plist.xml; path = Info.plist; sourceTree = "<group>"; };
		10BD486B26BEC562006EE3E7 /* macOS.entitlements */ = {isa = PBXFileReference; lastKnownFileType = text.plist.entitlements; path = macOS.entitlements; sourceTree = "<group>"; };
		10BD487026BEC562006EE3E7 /* Tests iOS.xctest */ = {isa = PBXFileReference; explicitFileType = wrapper.cfbundle; includeInIndex = 0; path = "Tests iOS.xctest"; sourceTree = BUILT_PRODUCTS_DIR; };
		10BD487426BEC562006EE3E7 /* Tests_iOS.swift */ = {isa = PBXFileReference; lastKnownFileType = sourcecode.swift; path = Tests_iOS.swift; sourceTree = "<group>"; };
		10BD487626BEC562006EE3E7 /* Info.plist */ = {isa = PBXFileReference; lastKnownFileType = text.plist.xml; path = Info.plist; sourceTree = "<group>"; };
		10BD487B26BEC562006EE3E7 /* Tests macOS.xctest */ = {isa = PBXFileReference; explicitFileType = wrapper.cfbundle; includeInIndex = 0; path = "Tests macOS.xctest"; sourceTree = BUILT_PRODUCTS_DIR; };
		10BD487F26BEC562006EE3E7 /* Tests_macOS.swift */ = {isa = PBXFileReference; lastKnownFileType = sourcecode.swift; path = Tests_macOS.swift; sourceTree = "<group>"; };
		10BD488126BEC562006EE3E7 /* Info.plist */ = {isa = PBXFileReference; lastKnownFileType = text.plist.xml; path = Info.plist; sourceTree = "<group>"; };
/* End PBXFileReference section */

/* Begin PBXFrameworksBuildPhase section */
		10BD485D26BEC562006EE3E7 /* Frameworks */ = {
			isa = PBXFrameworksBuildPhase;
			buildActionMask = 2147483647;
			files = (
				10BD48A126BED9C1006EE3E7 /* Punycode in Frameworks */,
			);
			runOnlyForDeploymentPostprocessing = 0;
		};
		10BD486526BEC562006EE3E7 /* Frameworks */ = {
			isa = PBXFrameworksBuildPhase;
			buildActionMask = 2147483647;
			files = (
			);
			runOnlyForDeploymentPostprocessing = 0;
		};
		10BD486D26BEC562006EE3E7 /* Frameworks */ = {
			isa = PBXFrameworksBuildPhase;
			buildActionMask = 2147483647;
			files = (
			);
			runOnlyForDeploymentPostprocessing = 0;
		};
		10BD487826BEC562006EE3E7 /* Frameworks */ = {
			isa = PBXFrameworksBuildPhase;
			buildActionMask = 2147483647;
			files = (
			);
			runOnlyForDeploymentPostprocessing = 0;
		};
/* End PBXFrameworksBuildPhase section */

/* Begin PBXGroup section */
		10BD485326BEC560006EE3E7 = {
			isa = PBXGroup;
			children = (
				10BD485826BEC560006EE3E7 /* Shared */,
				10BD486226BEC562006EE3E7 /* iOS */,
				10BD486926BEC562006EE3E7 /* macOS */,
				10BD487326BEC562006EE3E7 /* Tests iOS */,
				10BD487E26BEC562006EE3E7 /* Tests macOS */,
				10BD486126BEC562006EE3E7 /* Products */,
			);
			sourceTree = "<group>";
		};
		10BD485826BEC560006EE3E7 /* Shared */ = {
			isa = PBXGroup;
			children = (
				10BD485926BEC560006EE3E7 /* mainApp.swift */,
				10BD485A26BEC560006EE3E7 /* ContentView.swift */,
				10BD485B26BEC562006EE3E7 /* Assets.xcassets */,
			);
			path = Shared;
			sourceTree = "<group>";
		};
		10BD486126BEC562006EE3E7 /* Products */ = {
			isa = PBXGroup;
			children = (
				10BD486026BEC562006EE3E7 /* IkaLanguage.app */,
				10BD486826BEC562006EE3E7 /* IkaLanguage.app */,
				10BD487026BEC562006EE3E7 /* Tests iOS.xctest */,
				10BD487B26BEC562006EE3E7 /* Tests macOS.xctest */,
			);
			name = Products;
			sourceTree = "<group>";
		};
		10BD486226BEC562006EE3E7 /* iOS */ = {
			isa = PBXGroup;
			children = (
				10BD486326BEC562006EE3E7 /* Info.plist */,
			);
			path = iOS;
			sourceTree = "<group>";
		};
		10BD486926BEC562006EE3E7 /* macOS */ = {
			isa = PBXGroup;
			children = (
				10BD486A26BEC562006EE3E7 /* Info.plist */,
				10BD486B26BEC562006EE3E7 /* macOS.entitlements */,
			);
			path = macOS;
			sourceTree = "<group>";
		};
		10BD487326BEC562006EE3E7 /* Tests iOS */ = {
			isa = PBXGroup;
			children = (
				10BD487426BEC562006EE3E7 /* Tests_iOS.swift */,
				10BD487626BEC562006EE3E7 /* Info.plist */,
			);
			path = "Tests iOS";
			sourceTree = "<group>";
		};
		10BD487E26BEC562006EE3E7 /* Tests macOS */ = {
			isa = PBXGroup;
			children = (
				10BD487F26BEC562006EE3E7 /* Tests_macOS.swift */,
				10BD488126BEC562006EE3E7 /* Info.plist */,
			);
			path = "Tests macOS";
			sourceTree = "<group>";
		};
/* End PBXGroup section */

/* Begin PBXNativeTarget section */
		10BD485F26BEC562006EE3E7 /* IkaLanguage (iOS) */ = {
			isa = PBXNativeTarget;
			buildConfigurationList = 10BD488A26BEC562006EE3E7 /* Build configuration list for PBXNativeTarget "IkaLanguage (iOS)" */;
			buildPhases = (
				10BD485C26BEC562006EE3E7 /* Sources */,
				10BD485D26BEC562006EE3E7 /* Frameworks */,
				10BD485E26BEC562006EE3E7 /* Resources */,
			);
			buildRules = (
			);
			dependencies = (
			);
			name = "IkaLanguage (iOS)";
			packageProductDependencies = (
				10BD48A026BED9C1006EE3E7 /* Punycode */,
			);
			productName = "IkaLanguage (iOS)";
			productReference = 10BD486026BEC562006EE3E7 /* IkaLanguage.app */;
			productType = "com.apple.product-type.application";
		};
		10BD486726BEC562006EE3E7 /* IkaLanguage (macOS) */ = {
			isa = PBXNativeTarget;
			buildConfigurationList = 10BD488D26BEC562006EE3E7 /* Build configuration list for PBXNativeTarget "IkaLanguage (macOS)" */;
			buildPhases = (
				10BD486426BEC562006EE3E7 /* Sources */,
				10BD486526BEC562006EE3E7 /* Frameworks */,
				10BD486626BEC562006EE3E7 /* Resources */,
			);
			buildRules = (
			);
			dependencies = (
			);
			name = "IkaLanguage (macOS)";
			productName = "IkaLanguage (macOS)";
			productReference = 10BD486826BEC562006EE3E7 /* IkaLanguage.app */;
			productType = "com.apple.product-type.application";
		};
		10BD486F26BEC562006EE3E7 /* Tests iOS */ = {
			isa = PBXNativeTarget;
			buildConfigurationList = 10BD489026BEC562006EE3E7 /* Build configuration list for PBXNativeTarget "Tests iOS" */;
			buildPhases = (
				10BD486C26BEC562006EE3E7 /* Sources */,
				10BD486D26BEC562006EE3E7 /* Frameworks */,
				10BD486E26BEC562006EE3E7 /* Resources */,
			);
			buildRules = (
			);
			dependencies = (
				10BD487226BEC562006EE3E7 /* PBXTargetDependency */,
			);
			name = "Tests iOS";
			productName = "Tests iOS";
			productReference = 10BD487026BEC562006EE3E7 /* Tests iOS.xctest */;
			productType = "com.apple.product-type.bundle.ui-testing";
		};
		10BD487A26BEC562006EE3E7 /* Tests macOS */ = {
			isa = PBXNativeTarget;
			buildConfigurationList = 10BD489326BEC562006EE3E7 /* Build configuration list for PBXNativeTarget "Tests macOS" */;
			buildPhases = (
				10BD487726BEC562006EE3E7 /* Sources */,
				10BD487826BEC562006EE3E7 /* Frameworks */,
				10BD487926BEC562006EE3E7 /* Resources */,
			);
			buildRules = (
			);
			dependencies = (
				10BD487D26BEC562006EE3E7 /* PBXTargetDependency */,
			);
			name = "Tests macOS";
			productName = "Tests macOS";
			productReference = 10BD487B26BEC562006EE3E7 /* Tests macOS.xctest */;
			productType = "com.apple.product-type.bundle.ui-testing";
		};
/* End PBXNativeTarget section */

/* Begin PBXProject section */
		10BD485426BEC560006EE3E7 /* Project object */ = {
			isa = PBXProject;
			attributes = {
				LastSwiftUpdateCheck = 1250;
				LastUpgradeCheck = 1250;
				ORGANIZATIONNAME = "Magi Corporation";
				TargetAttributes = {
					10BD485F26BEC562006EE3E7 = {
						CreatedOnToolsVersion = 12.5.1;
					};
					10BD486726BEC562006EE3E7 = {
						CreatedOnToolsVersion = 12.5.1;
					};
					10BD486F26BEC562006EE3E7 = {
						CreatedOnToolsVersion = 12.5.1;
						TestTargetID = 10BD485F26BEC562006EE3E7;
					};
					10BD487A26BEC562006EE3E7 = {
						CreatedOnToolsVersion = 12.5.1;
						TestTargetID = 10BD486726BEC562006EE3E7;
					};
				};
			};
			buildConfigurationList = 10BD485726BEC560006EE3E7 /* Build configuration list for PBXProject "IkaLanguage" */;
			compatibilityVersion = "Xcode 9.3";
			developmentRegion = en;
			hasScannedForEncodings = 0;
			knownRegions = (
				en,
				Base,
			);
			mainGroup = 10BD485326BEC560006EE3E7;
			packageReferences = (
				10BD489F26BED9C1006EE3E7 /* XCRemoteSwiftPackageReference "Punycode" */,
			);
			productRefGroup = 10BD486126BEC562006EE3E7 /* Products */;
			projectDirPath = "";
			projectRoot = "";
			targets = (
				10BD485F26BEC562006EE3E7 /* IkaLanguage (iOS) */,
				10BD486726BEC562006EE3E7 /* IkaLanguage (macOS) */,
				10BD486F26BEC562006EE3E7 /* Tests iOS */,
				10BD487A26BEC562006EE3E7 /* Tests macOS */,
			);
		};
/* End PBXProject section */

/* Begin PBXResourcesBuildPhase section */
		10BD485E26BEC562006EE3E7 /* Resources */ = {
			isa = PBXResourcesBuildPhase;
			buildActionMask = 2147483647;
			files = (
				10BD488626BEC562006EE3E7 /* Assets.xcassets in Resources */,
			);
			runOnlyForDeploymentPostprocessing = 0;
		};
		10BD486626BEC562006EE3E7 /* Resources */ = {
			isa = PBXResourcesBuildPhase;
			buildActionMask = 2147483647;
			files = (
				10BD488726BEC562006EE3E7 /* Assets.xcassets in Resources */,
			);
			runOnlyForDeploymentPostprocessing = 0;
		};
		10BD486E26BEC562006EE3E7 /* Resources */ = {
			isa = PBXResourcesBuildPhase;
			buildActionMask = 2147483647;
			files = (
			);
			runOnlyForDeploymentPostprocessing = 0;
		};
		10BD487926BEC562006EE3E7 /* Resources */ = {
			isa = PBXResourcesBuildPhase;
			buildActionMask = 2147483647;
			files = (
			);
			runOnlyForDeploymentPostprocessing = 0;
		};
/* End PBXResourcesBuildPhase section */

/* Begin PBXSourcesBuildPhase section */
		10BD485C26BEC562006EE3E7 /* Sources */ = {
			isa = PBXSourcesBuildPhase;
			buildActionMask = 2147483647;
			files = (
				10BD488426BEC562006EE3E7 /* ContentView.swift in Sources */,
				10BD488226BEC562006EE3E7 /* mainApp.swift in Sources */,
			);
			runOnlyForDeploymentPostprocessing = 0;
		};
		10BD486426BEC562006EE3E7 /* Sources */ = {
			isa = PBXSourcesBuildPhase;
			buildActionMask = 2147483647;
			files = (
				10BD488526BEC562006EE3E7 /* ContentView.swift in Sources */,
				10BD488326BEC562006EE3E7 /* mainApp.swift in Sources */,
			);
			runOnlyForDeploymentPostprocessing = 0;
		};
		10BD486C26BEC562006EE3E7 /* Sources */ = {
			isa = PBXSourcesBuildPhase;
			buildActionMask = 2147483647;
			files = (
				10BD487526BEC562006EE3E7 /* Tests_iOS.swift in Sources */,
			);
			runOnlyForDeploymentPostprocessing = 0;
		};
		10BD487726BEC562006EE3E7 /* Sources */ = {
			isa = PBXSourcesBuildPhase;
			buildActionMask = 2147483647;
			files = (
				10BD488026BEC562006EE3E7 /* Tests_macOS.swift in Sources */,
			);
			runOnlyForDeploymentPostprocessing = 0;
		};
/* End PBXSourcesBuildPhase section */

/* Begin PBXTargetDependency section */
		10BD487226BEC562006EE3E7 /* PBXTargetDependency */ = {
			isa = PBXTargetDependency;
			target = 10BD485F26BEC562006EE3E7 /* IkaLanguage (iOS) */;
			targetProxy = 10BD487126BEC562006EE3E7 /* PBXContainerItemProxy */;
		};
		10BD487D26BEC562006EE3E7 /* PBXTargetDependency */ = {
			isa = PBXTargetDependency;
			target = 10BD486726BEC562006EE3E7 /* IkaLanguage (macOS) */;
			targetProxy = 10BD487C26BEC562006EE3E7 /* PBXContainerItemProxy */;
		};
/* End PBXTargetDependency section */

/* Begin XCBuildConfiguration section */
		10BD488826BEC562006EE3E7 /* Debug */ = {
			isa = XCBuildConfiguration;
			buildSettings = {
				ALWAYS_SEARCH_USER_PATHS = NO;
				CLANG_ANALYZER_NONNULL = YES;
				CLANG_ANALYZER_NUMBER_OBJECT_CONVERSION = YES_AGGRESSIVE;
				CLANG_CXX_LANGUAGE_STANDARD = "gnu++14";
				CLANG_CXX_LIBRARY = "libc++";
				CLANG_ENABLE_MODULES = YES;
				CLANG_ENABLE_OBJC_ARC = YES;
				CLANG_ENABLE_OBJC_WEAK = YES;
				CLANG_WARN_BLOCK_CAPTURE_AUTORELEASING = YES;
				CLANG_WARN_BOOL_CONVERSION = YES;
				CLANG_WARN_COMMA = YES;
				CLANG_WARN_CONSTANT_CONVERSION = YES;
				CLANG_WARN_DEPRECATED_OBJC_IMPLEMENTATIONS = YES;
				CLANG_WARN_DIRECT_OBJC_ISA_USAGE = YES_ERROR;
				CLANG_WARN_DOCUMENTATION_COMMENTS = YES;
				CLANG_WARN_EMPTY_BODY = YES;
				CLANG_WARN_ENUM_CONVERSION = YES;
				CLANG_WARN_INFINITE_RECURSION = YES;
				CLANG_WARN_INT_CONVERSION = YES;
				CLANG_WARN_NON_LITERAL_NULL_CONVERSION = YES;
				CLANG_WARN_OBJC_IMPLICIT_RETAIN_SELF = YES;
				CLANG_WARN_OBJC_LITERAL_CONVERSION = YES;
				CLANG_WARN_OBJC_ROOT_CLASS = YES_ERROR;
				CLANG_WARN_QUOTED_INCLUDE_IN_FRAMEWORK_HEADER = YES;
				CLANG_WARN_RANGE_LOOP_ANALYSIS = YES;
				CLANG_WARN_STRICT_PROTOTYPES = YES;
				CLANG_WARN_SUSPICIOUS_MOVE = YES;
				CLANG_WARN_UNGUARDED_AVAILABILITY = YES_AGGRESSIVE;
				CLANG_WARN_UNREACHABLE_CODE = YES;
				CLANG_WARN__DUPLICATE_METHOD_MATCH = YES;
				COPY_PHASE_STRIP = NO;
				DEBUG_INFORMATION_FORMAT = dwarf;
				ENABLE_STRICT_OBJC_MSGSEND = YES;
				ENABLE_TESTABILITY = YES;
				GCC_C_LANGUAGE_STANDARD = gnu11;
				GCC_DYNAMIC_NO_PIC = NO;
				GCC_NO_COMMON_BLOCKS = YES;
				GCC_OPTIMIZATION_LEVEL = 0;
				GCC_PREPROCESSOR_DEFINITIONS = (
					"DEBUG=1",
					"$(inherited)",
				);
				GCC_WARN_64_TO_32_BIT_CONVERSION = YES;
				GCC_WARN_ABOUT_RETURN_TYPE = YES_ERROR;
				GCC_WARN_UNDECLARED_SELECTOR = YES;
				GCC_WARN_UNINITIALIZED_AUTOS = YES_AGGRESSIVE;
				GCC_WARN_UNUSED_FUNCTION = YES;
				GCC_WARN_UNUSED_VARIABLE = YES;
				MTL_ENABLE_DEBUG_INFO = INCLUDE_SOURCE;
				MTL_FAST_MATH = YES;
				ONLY_ACTIVE_ARCH = YES;
				SWIFT_ACTIVE_COMPILATION_CONDITIONS = DEBUG;
				SWIFT_OPTIMIZATION_LEVEL = "-Onone";
			};
			name = Debug;
		};
		10BD488926BEC562006EE3E7 /* Release */ = {
			isa = XCBuildConfiguration;
			buildSettings = {
				ALWAYS_SEARCH_USER_PATHS = NO;
				CLANG_ANALYZER_NONNULL = YES;
				CLANG_ANALYZER_NUMBER_OBJECT_CONVERSION = YES_AGGRESSIVE;
				CLANG_CXX_LANGUAGE_STANDARD = "gnu++14";
				CLANG_CXX_LIBRARY = "libc++";
				CLANG_ENABLE_MODULES = YES;
				CLANG_ENABLE_OBJC_ARC = YES;
				CLANG_ENABLE_OBJC_WEAK = YES;
				CLANG_WARN_BLOCK_CAPTURE_AUTORELEASING = YES;
				CLANG_WARN_BOOL_CONVERSION = YES;
				CLANG_WARN_COMMA = YES;
				CLANG_WARN_CONSTANT_CONVERSION = YES;
				CLANG_WARN_DEPRECATED_OBJC_IMPLEMENTATIONS = YES;
				CLANG_WARN_DIRECT_OBJC_ISA_USAGE = YES_ERROR;
				CLANG_WARN_DOCUMENTATION_COMMENTS = YES;
				CLANG_WARN_EMPTY_BODY = YES;
				CLANG_WARN_ENUM_CONVERSION = YES;
				CLANG_WARN_INFINITE_RECURSION = YES;
				CLANG_WARN_INT_CONVERSION = YES;
				CLANG_WARN_NON_LITERAL_NULL_CONVERSION = YES;
				CLANG_WARN_OBJC_IMPLICIT_RETAIN_SELF = YES;
				CLANG_WARN_OBJC_LITERAL_CONVERSION = YES;
				CLANG_WARN_OBJC_ROOT_CLASS = YES_ERROR;
				CLANG_WARN_QUOTED_INCLUDE_IN_FRAMEWORK_HEADER = YES;
				CLANG_WARN_RANGE_LOOP_ANALYSIS = YES;
				CLANG_WARN_STRICT_PROTOTYPES = YES;
				CLANG_WARN_SUSPICIOUS_MOVE = YES;
				CLANG_WARN_UNGUARDED_AVAILABILITY = YES_AGGRESSIVE;
				CLANG_WARN_UNREACHABLE_CODE = YES;
				CLANG_WARN__DUPLICATE_METHOD_MATCH = YES;
				COPY_PHASE_STRIP = NO;
				DEBUG_INFORMATION_FORMAT = "dwarf-with-dsym";
				ENABLE_NS_ASSERTIONS = NO;
				ENABLE_STRICT_OBJC_MSGSEND = YES;
				GCC_C_LANGUAGE_STANDARD = gnu11;
				GCC_NO_COMMON_BLOCKS = YES;
				GCC_WARN_64_TO_32_BIT_CONVERSION = YES;
				GCC_WARN_ABOUT_RETURN_TYPE = YES_ERROR;
				GCC_WARN_UNDECLARED_SELECTOR = YES;
				GCC_WARN_UNINITIALIZED_AUTOS = YES_AGGRESSIVE;
				GCC_WARN_UNUSED_FUNCTION = YES;
				GCC_WARN_UNUSED_VARIABLE = YES;
				MTL_ENABLE_DEBUG_INFO = NO;
				MTL_FAST_MATH = YES;
				SWIFT_COMPILATION_MODE = wholemodule;
				SWIFT_OPTIMIZATION_LEVEL = "-O";
			};
			name = Release;
		};
		10BD488B26BEC562006EE3E7 /* Debug */ = {
			isa = XCBuildConfiguration;
			buildSettings = {
				ASSETCATALOG_COMPILER_APPICON_NAME = AppIcon;
				ASSETCATALOG_COMPILER_GLOBAL_ACCENT_COLOR_NAME = AccentColor;
				CODE_SIGN_STYLE = Automatic;
				DEVELOPMENT_TEAM = D9HU6JZF2Q;
				ENABLE_PREVIEWS = YES;
				INFOPLIST_FILE = iOS/Info.plist;
				IPHONEOS_DEPLOYMENT_TARGET = 14.0;
				LD_RUNPATH_SEARCH_PATHS = (
					"$(inherited)",
					"@executable_path/Frameworks",
				);
				PRODUCT_BUNDLE_IDENTIFIER = work.tkgstrator.IkaLanguage;
				PRODUCT_NAME = IkaLanguage;
				SDKROOT = iphoneos;
				SWIFT_VERSION = 5.0;
				TARGETED_DEVICE_FAMILY = "1,2";
			};
			name = Debug;
		};
		10BD488C26BEC562006EE3E7 /* Release */ = {
			isa = XCBuildConfiguration;
			buildSettings = {
				ASSETCATALOG_COMPILER_APPICON_NAME = AppIcon;
				ASSETCATALOG_COMPILER_GLOBAL_ACCENT_COLOR_NAME = AccentColor;
				CODE_SIGN_STYLE = Automatic;
				DEVELOPMENT_TEAM = D9HU6JZF2Q;
				ENABLE_PREVIEWS = YES;
				INFOPLIST_FILE = iOS/Info.plist;
				IPHONEOS_DEPLOYMENT_TARGET = 14.0;
				LD_RUNPATH_SEARCH_PATHS = (
					"$(inherited)",
					"@executable_path/Frameworks",
				);
				PRODUCT_BUNDLE_IDENTIFIER = work.tkgstrator.IkaLanguage;
				PRODUCT_NAME = IkaLanguage;
				SDKROOT = iphoneos;
				SWIFT_VERSION = 5.0;
				TARGETED_DEVICE_FAMILY = "1,2";
				VALIDATE_PRODUCT = YES;
			};
			name = Release;
		};
		10BD488E26BEC562006EE3E7 /* Debug */ = {
			isa = XCBuildConfiguration;
			buildSettings = {
				ASSETCATALOG_COMPILER_APPICON_NAME = AppIcon;
				ASSETCATALOG_COMPILER_GLOBAL_ACCENT_COLOR_NAME = AccentColor;
				CODE_SIGN_ENTITLEMENTS = macOS/macOS.entitlements;
				CODE_SIGN_STYLE = Automatic;
				COMBINE_HIDPI_IMAGES = YES;
				DEVELOPMENT_TEAM = D9HU6JZF2Q;
				ENABLE_HARDENED_RUNTIME = YES;
				ENABLE_PREVIEWS = YES;
				INFOPLIST_FILE = macOS/Info.plist;
				LD_RUNPATH_SEARCH_PATHS = (
					"$(inherited)",
					"@executable_path/../Frameworks",
				);
				MACOSX_DEPLOYMENT_TARGET = 11.0;
				PRODUCT_BUNDLE_IDENTIFIER = work.tkgstrator.IkaLanguage;
				PRODUCT_NAME = IkaLanguage;
				SDKROOT = macosx;
				SWIFT_VERSION = 5.0;
			};
			name = Debug;
		};
		10BD488F26BEC562006EE3E7 /* Release */ = {
			isa = XCBuildConfiguration;
			buildSettings = {
				ASSETCATALOG_COMPILER_APPICON_NAME = AppIcon;
				ASSETCATALOG_COMPILER_GLOBAL_ACCENT_COLOR_NAME = AccentColor;
				CODE_SIGN_ENTITLEMENTS = macOS/macOS.entitlements;
				CODE_SIGN_STYLE = Automatic;
				COMBINE_HIDPI_IMAGES = YES;
				DEVELOPMENT_TEAM = D9HU6JZF2Q;
				ENABLE_HARDENED_RUNTIME = YES;
				ENABLE_PREVIEWS = YES;
				INFOPLIST_FILE = macOS/Info.plist;
				LD_RUNPATH_SEARCH_PATHS = (
					"$(inherited)",
					"@executable_path/../Frameworks",
				);
				MACOSX_DEPLOYMENT_TARGET = 11.0;
				PRODUCT_BUNDLE_IDENTIFIER = work.tkgstrator.IkaLanguage;
				PRODUCT_NAME = IkaLanguage;
				SDKROOT = macosx;
				SWIFT_VERSION = 5.0;
			};
			name = Release;
		};
		10BD489126BEC562006EE3E7 /* Debug */ = {
			isa = XCBuildConfiguration;
			buildSettings = {
				ALWAYS_EMBED_SWIFT_STANDARD_LIBRARIES = YES;
				CODE_SIGN_STYLE = Automatic;
				DEVELOPMENT_TEAM = D9HU6JZF2Q;
				INFOPLIST_FILE = "Tests iOS/Info.plist";
				IPHONEOS_DEPLOYMENT_TARGET = 14.5;
				LD_RUNPATH_SEARCH_PATHS = (
					"$(inherited)",
					"@executable_path/Frameworks",
					"@loader_path/Frameworks",
				);
				PRODUCT_BUNDLE_IDENTIFIER = "work.tkgstrator.Tests-iOS";
				PRODUCT_NAME = "$(TARGET_NAME)";
				SDKROOT = iphoneos;
				SWIFT_VERSION = 5.0;
				TARGETED_DEVICE_FAMILY = "1,2";
				TEST_TARGET_NAME = "IkaLanguage (iOS)";
			};
			name = Debug;
		};
		10BD489226BEC562006EE3E7 /* Release */ = {
			isa = XCBuildConfiguration;
			buildSettings = {
				ALWAYS_EMBED_SWIFT_STANDARD_LIBRARIES = YES;
				CODE_SIGN_STYLE = Automatic;
				DEVELOPMENT_TEAM = D9HU6JZF2Q;
				INFOPLIST_FILE = "Tests iOS/Info.plist";
				IPHONEOS_DEPLOYMENT_TARGET = 14.5;
				LD_RUNPATH_SEARCH_PATHS = (
					"$(inherited)",
					"@executable_path/Frameworks",
					"@loader_path/Frameworks",
				);
				PRODUCT_BUNDLE_IDENTIFIER = "work.tkgstrator.Tests-iOS";
				PRODUCT_NAME = "$(TARGET_NAME)";
				SDKROOT = iphoneos;
				SWIFT_VERSION = 5.0;
				TARGETED_DEVICE_FAMILY = "1,2";
				TEST_TARGET_NAME = "IkaLanguage (iOS)";
				VALIDATE_PRODUCT = YES;
			};
			name = Release;
		};
		10BD489426BEC562006EE3E7 /* Debug */ = {
			isa = XCBuildConfiguration;
			buildSettings = {
				ALWAYS_EMBED_SWIFT_STANDARD_LIBRARIES = YES;
				CODE_SIGN_STYLE = Automatic;
				COMBINE_HIDPI_IMAGES = YES;
				DEVELOPMENT_TEAM = D9HU6JZF2Q;
				INFOPLIST_FILE = "Tests macOS/Info.plist";
				LD_RUNPATH_SEARCH_PATHS = (
					"$(inherited)",
					"@executable_path/../Frameworks",
					"@loader_path/../Frameworks",
				);
				MACOSX_DEPLOYMENT_TARGET = 11.3;
				PRODUCT_BUNDLE_IDENTIFIER = "work.tkgstrator.Tests-macOS";
				PRODUCT_NAME = "$(TARGET_NAME)";
				SDKROOT = macosx;
				SWIFT_VERSION = 5.0;
				TEST_TARGET_NAME = "IkaLanguage (macOS)";
			};
			name = Debug;
		};
		10BD489526BEC562006EE3E7 /* Release */ = {
			isa = XCBuildConfiguration;
			buildSettings = {
				ALWAYS_EMBED_SWIFT_STANDARD_LIBRARIES = YES;
				CODE_SIGN_STYLE = Automatic;
				COMBINE_HIDPI_IMAGES = YES;
				DEVELOPMENT_TEAM = D9HU6JZF2Q;
				INFOPLIST_FILE = "Tests macOS/Info.plist";
				LD_RUNPATH_SEARCH_PATHS = (
					"$(inherited)",
					"@executable_path/../Frameworks",
					"@loader_path/../Frameworks",
				);
				MACOSX_DEPLOYMENT_TARGET = 11.3;
				PRODUCT_BUNDLE_IDENTIFIER = "work.tkgstrator.Tests-macOS";
				PRODUCT_NAME = "$(TARGET_NAME)";
				SDKROOT = macosx;
				SWIFT_VERSION = 5.0;
				TEST_TARGET_NAME = "IkaLanguage (macOS)";
			};
			name = Release;
		};
/* End XCBuildConfiguration section */

/* Begin XCConfigurationList section */
		10BD485726BEC560006EE3E7 /* Build configuration list for PBXProject "IkaLanguage" */ = {
			isa = XCConfigurationList;
			buildConfigurations = (
				10BD488826BEC562006EE3E7 /* Debug */,
				10BD488926BEC562006EE3E7 /* Release */,
			);
			defaultConfigurationIsVisible = 0;
			defaultConfigurationName = Release;
		};
		10BD488A26BEC562006EE3E7 /* Build configuration list for PBXNativeTarget "IkaLanguage (iOS)" */ = {
			isa = XCConfigurationList;
			buildConfigurations = (
				10BD488B26BEC562006EE3E7 /* Debug */,
				10BD488C26BEC562006EE3E7 /* Release */,
			);
			defaultConfigurationIsVisible = 0;
			defaultConfigurationName = Release;
		};
		10BD488D26BEC562006EE3E7 /* Build configuration list for PBXNativeTarget "IkaLanguage (macOS)" */ = {
			isa = XCConfigurationList;
			buildConfigurations = (
				10BD488E26BEC562006EE3E7 /* Debug */,
				10BD488F26BEC562006EE3E7 /* Release */,
			);
			defaultConfigurationIsVisible = 0;
			defaultConfigurationName = Release;
		};
		10BD489026BEC562006EE3E7 /* Build configuration list for PBXNativeTarget "Tests iOS" */ = {
			isa = XCConfigurationList;
			buildConfigurations = (
				10BD489126BEC562006EE3E7 /* Debug */,
				10BD489226BEC562006EE3E7 /* Release */,
			);
			defaultConfigurationIsVisible = 0;
			defaultConfigurationName = Release;
		};
		10BD489326BEC562006EE3E7 /* Build configuration list for PBXNativeTarget "Tests macOS" */ = {
			isa = XCConfigurationList;
			buildConfigurations = (
				10BD489426BEC562006EE3E7 /* Debug */,
				10BD489526BEC562006EE3E7 /* Release */,
			);
			defaultConfigurationIsVisible = 0;
			defaultConfigurationName = Release;
		};
/* End XCConfigurationList section */

/* Begin XCRemoteSwiftPackageReference section */
		10BD489F26BED9C1006EE3E7 /* XCRemoteSwiftPackageReference "Punycode" */ = {
			isa = XCRemoteSwiftPackageReference;
			repositoryURL = "https://github.com/tkgstrator/Punycode";
			requirement = {
				kind = upToNextMajorVersion;
				minimumVersion = 1.0.2;
			};
		};
/* End XCRemoteSwiftPackageReference section */

/* Begin XCSwiftPackageProductDependency section */
		10BD48A026BED9C1006EE3E7 /* Punycode */ = {
			isa = XCSwiftPackageProductDependency;
			package = 10BD489F26BED9C1006EE3E7 /* XCRemoteSwiftPackageReference "Punycode" */;
			productName = Punycode;
		};
/* End XCSwiftPackageProductDependency section */
	};
	rootObject = 10BD485426BEC560006EE3E7 /* Project object */;
}
